
Microsoft Visual Studio Solution File, Format Version 12.00
# Visual Studio Version 16
VisualStudioVersion = 16.0.30907.101
MinimumVisualStudioVersion = 10.0.40219.1
Project("{8BC9CEB8-8B4A-11D0-8D11-00A0C91BC942}") = "WCutter", "WCutter.vcxproj", "{9AEC8EF6-E273-4A6F-B50C-676B434C07EA}"
EndProject
Global
	GlobalSection(SolutionConfigurationPlatforms) = preSolution
		Debug|x64 = Debug|x64
		Debug|x86 = Debug|x86
		Release|x64 = Release|x64
		Release|x86 = Release|x86
	EndGlobalSection
	GlobalSection(ProjectConfigurationPlatforms) = postSolution
		{9AEC8EF6-E273-4A6F-B50C-676B434C07EA}.Debug|x64.ActiveCfg = Debug|x64
		{9AEC8EF6-E273-4A6F-B50C-676B434C07EA}.Debug|x64.Build.0 = Debug|x64
		{9AEC8EF6-E273-4A6F-B50C-676B434C07EA}.Debug|x86.ActiveCfg = Debug|Win32
		{9AEC8EF6-E273-4A6F-B50C-676B434C07EA}.Debug|x86.Build.0 = Debug|Win32
		{9AEC8EF6-E273-4A6F-B50C-676B434C07EA}.Release|x64.ActiveCfg = Release|x64
		{9AEC8EF6-E273-4A6F-B50C-676B434C07EA}.Release|x64.Build.0 = Release|x64
		{9AEC8EF6-E273-4A6F-B50C-676B434C07EA}.Release|x86.ActiveCfg = Release|Win32
		{9AEC8EF6-E273-4A6F-B50C-676B434C07EA}.Release|x86.Build.0 = Release|Win32
	EndGlobalSection
	GlobalSection(SolutionProperties) = preSolution
		HideSolutionNode = FALSE
	EndGlobalSection
	GlobalSection(ExtensibilityGlobals) = postSolution
		SolutionGuid = {E9A94AF0-C26D-43BD-B5A7-0FD72AC5B954}
	EndGlobalSection
EndGlobal
